// !$*UTF8*$!
{
	archiveVersion = 1;
	classes = {
	};
	objectVersion = 50;
	objects = {

/* Begin PBXBuildFile section */
		1197B6CC2320E44F00A29537 /* AppDelegate.swift in Sources */ = {isa = PBXBuildFile; fileRef = 1197B6CB2320E44F00A29537 /* AppDelegate.swift */; };
		1197B6CE2320E44F00A29537 /* MovieTableViewController.swift in Sources */ = {isa = PBXBuildFile; fileRef = 1197B6CD2320E44F00A29537 /* MovieTableViewController.swift */; };
		1197B6D12320E44F00A29537 /* Main.storyboard in Resources */ = {isa = PBXBuildFile; fileRef = 1197B6CF2320E44F00A29537 /* Main.storyboard */; };
		1197B6D32320E45300A29537 /* Assets.xcassets in Resources */ = {isa = PBXBuildFile; fileRef = 1197B6D22320E45300A29537 /* Assets.xcassets */; };
		1197B6D62320E45300A29537 /* LaunchScreen.storyboard in Resources */ = {isa = PBXBuildFile; fileRef = 1197B6D42320E45300A29537 /* LaunchScreen.storyboard */; };
		1197B6E42321D9B600A29537 /* MovieCollectionViewController.swift in Sources */ = {isa = PBXBuildFile; fileRef = 1197B6E32321D9B600A29537 /* MovieCollectionViewController.swift */; };
		119D95BC2321ECA800073B42 /* Config.swift in Sources */ = {isa = PBXBuildFile; fileRef = 119D95BB2321ECA800073B42 /* Config.swift */; };
		119D95BF2321FA2F00073B42 /* Colors.swift in Sources */ = {isa = PBXBuildFile; fileRef = 119D95BE2321FA2F00073B42 /* Colors.swift */; };
		119D95C12321FC1500073B42 /* HttpService.swift in Sources */ = {isa = PBXBuildFile; fileRef = 119D95C02321FC1500073B42 /* HttpService.swift */; };
		119D95C32321FE6F00073B42 /* RequestHandler.swift in Sources */ = {isa = PBXBuildFile; fileRef = 119D95C22321FE6F00073B42 /* RequestHandler.swift */; };
		119D95C52322327800073B42 /* MovieModel.swift in Sources */ = {isa = PBXBuildFile; fileRef = 119D95C42322327800073B42 /* MovieModel.swift */; };
		119D95C92326162900073B42 /* MovieTableViewCell.swift in Sources */ = {isa = PBXBuildFile; fileRef = 119D95C82326162900073B42 /* MovieTableViewCell.swift */; };
		119D95CB2327815A00073B42 /* MovieDetailViewController.swift in Sources */ = {isa = PBXBuildFile; fileRef = 119D95CA2327815A00073B42 /* MovieDetailViewController.swift */; };
		119D95CD233074DD00073B42 /* MovieCollectionViewCell.swift in Sources */ = {isa = PBXBuildFile; fileRef = 119D95CC233074DD00073B42 /* MovieCollectionViewCell.swift */; };
		119D95CF2330B69300073B42 /* MovieTabController.swift in Sources */ = {isa = PBXBuildFile; fileRef = 119D95CE2330B69300073B42 /* MovieTabController.swift */; };
/* End PBXBuildFile section */

/* Begin PBXFileReference section */
		1197B6C82320E44F00A29537 /* BoxOffice.app */ = {isa = PBXFileReference; explicitFileType = wrapper.application; includeInIndex = 0; path = BoxOffice.app; sourceTree = BUILT_PRODUCTS_DIR; };
		1197B6CB2320E44F00A29537 /* AppDelegate.swift */ = {isa = PBXFileReference; lastKnownFileType = sourcecode.swift; path = AppDelegate.swift; sourceTree = "<group>"; };
		1197B6CD2320E44F00A29537 /* MovieTableViewController.swift */ = {isa = PBXFileReference; lastKnownFileType = sourcecode.swift; path = MovieTableViewController.swift; sourceTree = "<group>"; };
		1197B6D02320E44F00A29537 /* Base */ = {isa = PBXFileReference; lastKnownFileType = file.storyboard; name = Base; path = Base.lproj/Main.storyboard; sourceTree = "<group>"; };
		1197B6D22320E45300A29537 /* Assets.xcassets */ = {isa = PBXFileReference; lastKnownFileType = folder.assetcatalog; path = Assets.xcassets; sourceTree = "<group>"; };
		1197B6D52320E45300A29537 /* Base */ = {isa = PBXFileReference; lastKnownFileType = file.storyboard; name = Base; path = Base.lproj/LaunchScreen.storyboard; sourceTree = "<group>"; };
		1197B6D72320E45300A29537 /* Info.plist */ = {isa = PBXFileReference; lastKnownFileType = text.plist.xml; path = Info.plist; sourceTree = "<group>"; };
		1197B6E32321D9B600A29537 /* MovieCollectionViewController.swift */ = {isa = PBXFileReference; lastKnownFileType = sourcecode.swift; path = MovieCollectionViewController.swift; sourceTree = "<group>"; };
		119D95BB2321ECA800073B42 /* Config.swift */ = {isa = PBXFileReference; lastKnownFileType = sourcecode.swift; path = Config.swift; sourceTree = "<group>"; };
		119D95BE2321FA2F00073B42 /* Colors.swift */ = {isa = PBXFileReference; lastKnownFileType = sourcecode.swift; path = Colors.swift; sourceTree = "<group>"; };
		119D95C02321FC1500073B42 /* HttpService.swift */ = {isa = PBXFileReference; lastKnownFileType = sourcecode.swift; path = HttpService.swift; sourceTree = "<group>"; };
		119D95C22321FE6F00073B42 /* RequestHandler.swift */ = {isa = PBXFileReference; lastKnownFileType = sourcecode.swift; path = RequestHandler.swift; sourceTree = "<group>"; };
		119D95C42322327800073B42 /* MovieModel.swift */ = {isa = PBXFileReference; lastKnownFileType = sourcecode.swift; path = MovieModel.swift; sourceTree = "<group>"; };
		119D95C82326162900073B42 /* MovieTableViewCell.swift */ = {isa = PBXFileReference; lastKnownFileType = sourcecode.swift; path = MovieTableViewCell.swift; sourceTree = "<group>"; };
		119D95CA2327815A00073B42 /* MovieDetailViewController.swift */ = {isa = PBXFileReference; lastKnownFileType = sourcecode.swift; path = MovieDetailViewController.swift; sourceTree = "<group>"; };
		119D95CC233074DD00073B42 /* MovieCollectionViewCell.swift */ = {isa = PBXFileReference; lastKnownFileType = sourcecode.swift; path = MovieCollectionViewCell.swift; sourceTree = "<group>"; };
		119D95CE2330B69300073B42 /* MovieTabController.swift */ = {isa = PBXFileReference; lastKnownFileType = sourcecode.swift; path = MovieTabController.swift; sourceTree = "<group>"; };
/* End PBXFileReference section */

/* Begin PBXFrameworksBuildPhase section */
		1197B6C52320E44F00A29537 /* Frameworks */ = {
			isa = PBXFrameworksBuildPhase;
			buildActionMask = 2147483647;
			files = (
			);
			runOnlyForDeploymentPostprocessing = 0;
		};
/* End PBXFrameworksBuildPhase section */

/* Begin PBXGroup section */
		1197B6BF2320E44F00A29537 = {
			isa = PBXGroup;
			children = (
				1197B6CA2320E44F00A29537 /* BoxOffice */,
				1197B6C92320E44F00A29537 /* Products */,
			);
			sourceTree = "<group>";
		};
		1197B6C92320E44F00A29537 /* Products */ = {
			isa = PBXGroup;
			children = (
				1197B6C82320E44F00A29537 /* BoxOffice.app */,
			);
			name = Products;
			sourceTree = "<group>";
		};
		1197B6CA2320E44F00A29537 /* BoxOffice */ = {
			isa = PBXGroup;
			children = (
				1197B6DD2320E48D00A29537 /* Network */,
				1197B6DE2320E49800A29537 /* Views */,
				1197B6DF2320E4A100A29537 /* ViewControllers */,
				1197B6E02320E4AC00A29537 /* Models */,
				1197B6E12320E4B400A29537 /* StoryBoards */,
				1197B6E22320E4BC00A29537 /* Others */,
			);
			path = BoxOffice;
			sourceTree = "<group>";
		};
		1197B6DD2320E48D00A29537 /* Network */ = {
			isa = PBXGroup;
			children = (
				119D95C02321FC1500073B42 /* HttpService.swift */,
				119D95C22321FE6F00073B42 /* RequestHandler.swift */,
			);
			path = Network;
			sourceTree = "<group>";
		};
		1197B6DE2320E49800A29537 /* Views */ = {
			isa = PBXGroup;
			children = (
				119D95C82326162900073B42 /* MovieTableViewCell.swift */,
				119D95CC233074DD00073B42 /* MovieCollectionViewCell.swift */,
			);
			path = Views;
			sourceTree = "<group>";
		};
		1197B6DF2320E4A100A29537 /* ViewControllers */ = {
			isa = PBXGroup;
			children = (
				119D95CE2330B69300073B42 /* MovieTabController.swift */,
				1197B6CD2320E44F00A29537 /* MovieTableViewController.swift */,
				1197B6E32321D9B600A29537 /* MovieCollectionViewController.swift */,
				119D95CA2327815A00073B42 /* MovieDetailViewController.swift */,
			);
			path = ViewControllers;
			sourceTree = "<group>";
		};
		1197B6E02320E4AC00A29537 /* Models */ = {
			isa = PBXGroup;
			children = (
				119D95C42322327800073B42 /* MovieModel.swift */,
			);
			path = Models;
			sourceTree = "<group>";
		};
		1197B6E12320E4B400A29537 /* StoryBoards */ = {
			isa = PBXGroup;
			children = (
				1197B6D42320E45300A29537 /* LaunchScreen.storyboard */,
				1197B6CF2320E44F00A29537 /* Main.storyboard */,
			);
			path = StoryBoards;
			sourceTree = "<group>";
		};
		1197B6E22320E4BC00A29537 /* Others */ = {
			isa = PBXGroup;
			children = (
				119D95BD2321FA1F00073B42 /* Configs */,
				1197B6CB2320E44F00A29537 /* AppDelegate.swift */,
				1197B6D22320E45300A29537 /* Assets.xcassets */,
				1197B6D72320E45300A29537 /* Info.plist */,
			);
			path = Others;
			sourceTree = "<group>";
		};
		119D95BD2321FA1F00073B42 /* Configs */ = {
			isa = PBXGroup;
			children = (
				119D95BB2321ECA800073B42 /* Config.swift */,
				119D95BE2321FA2F00073B42 /* Colors.swift */,
			);
			path = Configs;
			sourceTree = "<group>";
		};
/* End PBXGroup section */

/* Begin PBXNativeTarget section */
		1197B6C72320E44F00A29537 /* BoxOffice */ = {
			isa = PBXNativeTarget;
			buildConfigurationList = 1197B6DA2320E45300A29537 /* Build configuration list for PBXNativeTarget "BoxOffice" */;
			buildPhases = (
				1197B6C42320E44F00A29537 /* Sources */,
				1197B6C52320E44F00A29537 /* Frameworks */,
				1197B6C62320E44F00A29537 /* Resources */,
			);
			buildRules = (
			);
			dependencies = (
			);
			name = BoxOffice;
			productName = BoxOffice;
			productReference = 1197B6C82320E44F00A29537 /* BoxOffice.app */;
			productType = "com.apple.product-type.application";
		};
/* End PBXNativeTarget section */

/* Begin PBXProject section */
		1197B6C02320E44F00A29537 /* Project object */ = {
			isa = PBXProject;
			attributes = {
				LastSwiftUpdateCheck = 1030;
				LastUpgradeCheck = 1030;
				ORGANIZATIONNAME = sayho;
				TargetAttributes = {
					1197B6C72320E44F00A29537 = {
						CreatedOnToolsVersion = 10.3;
					};
				};
			};
			buildConfigurationList = 1197B6C32320E44F00A29537 /* Build configuration list for PBXProject "BoxOffice" */;
			compatibilityVersion = "Xcode 9.3";
			developmentRegion = en;
			hasScannedForEncodings = 0;
			knownRegions = (
				en,
				Base,
			);
			mainGroup = 1197B6BF2320E44F00A29537;
			productRefGroup = 1197B6C92320E44F00A29537 /* Products */;
			projectDirPath = "";
			projectRoot = "";
			targets = (
				1197B6C72320E44F00A29537 /* BoxOffice */,
			);
		};
/* End PBXProject section */

/* Begin PBXResourcesBuildPhase section */
		1197B6C62320E44F00A29537 /* Resources */ = {
			isa = PBXResourcesBuildPhase;
			buildActionMask = 2147483647;
			files = (
				1197B6D62320E45300A29537 /* LaunchScreen.storyboard in Resources */,
				1197B6D32320E45300A29537 /* Assets.xcassets in Resources */,
				1197B6D12320E44F00A29537 /* Main.storyboard in Resources */,
			);
			runOnlyForDeploymentPostprocessing = 0;
		};
/* End PBXResourcesBuildPhase section */

/* Begin PBXSourcesBuildPhase section */
		1197B6C42320E44F00A29537 /* Sources */ = {
			isa = PBXSourcesBuildPhase;
			buildActionMask = 2147483647;
			files = (
				1197B6CE2320E44F00A29537 /* MovieTableViewController.swift in Sources */,
				119D95BF2321FA2F00073B42 /* Colors.swift in Sources */,
				119D95CF2330B69300073B42 /* MovieTabController.swift in Sources */,
				119D95C92326162900073B42 /* MovieTableViewCell.swift in Sources */,
				119D95BC2321ECA800073B42 /* Config.swift in Sources */,
				1197B6CC2320E44F00A29537 /* AppDelegate.swift in Sources */,
				119D95C32321FE6F00073B42 /* RequestHandler.swift in Sources */,
				119D95CB2327815A00073B42 /* MovieDetailViewController.swift in Sources */,
				1197B6E42321D9B600A29537 /* MovieCollectionViewController.swift in Sources */,
				119D95CD233074DD00073B42 /* MovieCollectionViewCell.swift in Sources */,
				119D95C52322327800073B42 /* MovieModel.swift in Sources */,
				119D95C12321FC1500073B42 /* HttpService.swift in Sources */,
			);
			runOnlyForDeploymentPostprocessing = 0;
		};
/* End PBXSourcesBuildPhase section */

/* Begin PBXVariantGroup section */
		1197B6CF2320E44F00A29537 /* Main.storyboard */ = {
			isa = PBXVariantGroup;
			children = (
				1197B6D02320E44F00A29537 /* Base */,
			);
			name = Main.storyboard;
			sourceTree = "<group>";
		};
		1197B6D42320E45300A29537 /* LaunchScreen.storyboard */ = {
			isa = PBXVariantGroup;
			children = (
				1197B6D52320E45300A29537 /* Base */,
			);
			name = LaunchScreen.storyboard;
			sourceTree = "<group>";
		};
/* End PBXVariantGroup section */

/* Begin XCBuildConfiguration section */
		1197B6D82320E45300A29537 /* Debug */ = {
			isa = XCBuildConfiguration;
			buildSettings = {
				ALWAYS_SEARCH_USER_PATHS = NO;
				CLANG_ANALYZER_NONNULL = YES;
				CLANG_ANALYZER_NUMBER_OBJECT_CONVERSION = YES_AGGRESSIVE;
				CLANG_CXX_LANGUAGE_STANDARD = "gnu++14";
				CLANG_CXX_LIBRARY = "libc++";
				CLANG_ENABLE_MODULES = YES;
				CLANG_ENABLE_OBJC_ARC = YES;
				CLANG_ENABLE_OBJC_WEAK = YES;
				CLANG_WARN_BLOCK_CAPTURE_AUTORELEASING = YES;
				CLANG_WARN_BOOL_CONVERSION = YES;
				CLANG_WARN_COMMA = YES;
				CLANG_WARN_CONSTANT_CONVERSION = YES;
				CLANG_WARN_DEPRECATED_OBJC_IMPLEMENTATIONS = YES;
				CLANG_WARN_DIRECT_OBJC_ISA_USAGE = YES_ERROR;
				CLANG_WARN_DOCUMENTATION_COMMENTS = YES;
				CLANG_WARN_EMPTY_BODY = YES;
				CLANG_WARN_ENUM_CONVERSION = YES;
				CLANG_WARN_INFINITE_RECURSION = YES;
				CLANG_WARN_INT_CONVERSION = YES;
				CLANG_WARN_NON_LITERAL_NULL_CONVERSION = YES;
				CLANG_WARN_OBJC_IMPLICIT_RETAIN_SELF = YES;
				CLANG_WARN_OBJC_LITERAL_CONVERSION = YES;
				CLANG_WARN_OBJC_ROOT_CLASS = YES_ERROR;
				CLANG_WARN_RANGE_LOOP_ANALYSIS = YES;
				CLANG_WARN_STRICT_PROTOTYPES = YES;
				CLANG_WARN_SUSPICIOUS_MOVE = YES;
				CLANG_WARN_UNGUARDED_AVAILABILITY = YES_AGGRESSIVE;
				CLANG_WARN_UNREACHABLE_CODE = YES;
				CLANG_WARN__DUPLICATE_METHOD_MATCH = YES;
				CODE_SIGN_IDENTITY = "iPhone Developer";
				COPY_PHASE_STRIP = NO;
				DEBUG_INFORMATION_FORMAT = dwarf;
				ENABLE_STRICT_OBJC_MSGSEND = YES;
				ENABLE_TESTABILITY = YES;
				GCC_C_LANGUAGE_STANDARD = gnu11;
				GCC_DYNAMIC_NO_PIC = NO;
				GCC_NO_COMMON_BLOCKS = YES;
				GCC_OPTIMIZATION_LEVEL = 0;
				GCC_PREPROCESSOR_DEFINITIONS = (
					"DEBUG=1",
					"$(inherited)",
				);
				GCC_WARN_64_TO_32_BIT_CONVERSION = YES;
				GCC_WARN_ABOUT_RETURN_TYPE = YES_ERROR;
				GCC_WARN_UNDECLARED_SELECTOR = YES;
				GCC_WARN_UNINITIALIZED_AUTOS = YES_AGGRESSIVE;
				GCC_WARN_UNUSED_FUNCTION = YES;
				GCC_WARN_UNUSED_VARIABLE = YES;
				IPHONEOS_DEPLOYMENT_TARGET = 12.4;
				MTL_ENABLE_DEBUG_INFO = INCLUDE_SOURCE;
				MTL_FAST_MATH = YES;
				ONLY_ACTIVE_ARCH = YES;
				SDKROOT = iphoneos;
				SWIFT_ACTIVE_COMPILATION_CONDITIONS = DEBUG;
				SWIFT_OPTIMIZATION_LEVEL = "-Onone";
			};
			name = Debug;
		};
		1197B6D92320E45300A29537 /* Release */ = {
			isa = XCBuildConfiguration;
			buildSettings = {
				ALWAYS_SEARCH_USER_PATHS = NO;
				CLANG_ANALYZER_NONNULL = YES;
				CLANG_ANALYZER_NUMBER_OBJECT_CONVERSION = YES_AGGRESSIVE;
				CLANG_CXX_LANGUAGE_STANDARD = "gnu++14";
				CLANG_CXX_LIBRARY = "libc++";
				CLANG_ENABLE_MODULES = YES;
				CLANG_ENABLE_OBJC_ARC = YES;
				CLANG_ENABLE_OBJC_WEAK = YES;
				CLANG_WARN_BLOCK_CAPTURE_AUTORELEASING = YES;
				CLANG_WARN_BOOL_CONVERSION = YES;
				CLANG_WARN_COMMA = YES;
				CLANG_WARN_CONSTANT_CONVERSION = YES;
				CLANG_WARN_DEPRECATED_OBJC_IMPLEMENTATIONS = YES;
				CLANG_WARN_DIRECT_OBJC_ISA_USAGE = YES_ERROR;
				CLANG_WARN_DOCUMENTATION_COMMENTS = YES;
				CLANG_WARN_EMPTY_BODY = YES;
				CLANG_WARN_ENUM_CONVERSION = YES;
				CLANG_WARN_INFINITE_RECURSION = YES;
				CLANG_WARN_INT_CONVERSION = YES;
				CLANG_WARN_NON_LITERAL_NULL_CONVERSION = YES;
				CLANG_WARN_OBJC_IMPLICIT_RETAIN_SELF = YES;
				CLANG_WARN_OBJC_LITERAL_CONVERSION = YES;
				CLANG_WARN_OBJC_ROOT_CLASS = YES_ERROR;
				CLANG_WARN_RANGE_LOOP_ANALYSIS = YES;
				CLANG_WARN_STRICT_PROTOTYPES = YES;
				CLANG_WARN_SUSPICIOUS_MOVE = YES;
				CLANG_WARN_UNGUARDED_AVAILABILITY = YES_AGGRESSIVE;
				CLANG_WARN_UNREACHABLE_CODE = YES;
				CLANG_WARN__DUPLICATE_METHOD_MATCH = YES;
				CODE_SIGN_IDENTITY = "iPhone Developer";
				COPY_PHASE_STRIP = NO;
				DEBUG_INFORMATION_FORMAT = "dwarf-with-dsym";
				ENABLE_NS_ASSERTIONS = NO;
				ENABLE_STRICT_OBJC_MSGSEND = YES;
				GCC_C_LANGUAGE_STANDARD = gnu11;
				GCC_NO_COMMON_BLOCKS = YES;
				GCC_WARN_64_TO_32_BIT_CONVERSION = YES;
				GCC_WARN_ABOUT_RETURN_TYPE = YES_ERROR;
				GCC_WARN_UNDECLARED_SELECTOR = YES;
				GCC_WARN_UNINITIALIZED_AUTOS = YES_AGGRESSIVE;
				GCC_WARN_UNUSED_FUNCTION = YES;
				GCC_WARN_UNUSED_VARIABLE = YES;
				IPHONEOS_DEPLOYMENT_TARGET = 12.4;
				MTL_ENABLE_DEBUG_INFO = NO;
				MTL_FAST_MATH = YES;
				SDKROOT = iphoneos;
				SWIFT_COMPILATION_MODE = wholemodule;
				SWIFT_OPTIMIZATION_LEVEL = "-O";
				VALIDATE_PRODUCT = YES;
			};
			name = Release;
		};
		1197B6DB2320E45300A29537 /* Debug */ = {
			isa = XCBuildConfiguration;
			buildSettings = {
				ASSETCATALOG_COMPILER_APPICON_NAME = AppIcon;
				CODE_SIGN_STYLE = Automatic;
				DEVELOPMENT_TEAM = 8MZJHE88FH;
				INFOPLIST_FILE = "$(SRCROOT)/BoxOffice/Others/Info.plist";
				LD_RUNPATH_SEARCH_PATHS = (
					"$(inherited)",
					"@executable_path/Frameworks",
				);
				PRODUCT_BUNDLE_IDENTIFIER = com.sayho.BoxOffice;
				PRODUCT_NAME = "$(TARGET_NAME)";
				SWIFT_VERSION = 5.0;
				TARGETED_DEVICE_FAMILY = "1,2";
			};
			name = Debug;
		};
		1197B6DC2320E45300A29537 /* Release */ = {
			isa = XCBuildConfiguration;
			buildSettings = {
				ASSETCATALOG_COMPILER_APPICON_NAME = AppIcon;
				CODE_SIGN_STYLE = Automatic;
				DEVELOPMENT_TEAM = 8MZJHE88FH;
				INFOPLIST_FILE = "$(SRCROOT)/BoxOffice/Others/Info.plist";
				LD_RUNPATH_SEARCH_PATHS = (
					"$(inherited)",
					"@executable_path/Frameworks",
				);
				PRODUCT_BUNDLE_IDENTIFIER = com.sayho.BoxOffice;
				PRODUCT_NAME = "$(TARGET_NAME)";
				SWIFT_VERSION = 5.0;
				TARGETED_DEVICE_FAMILY = "1,2";
			};
			name = Release;
		};
/* End XCBuildConfiguration section */

/* Begin XCConfigurationList section */
		1197B6C32320E44F00A29537 /* Build configuration list for PBXProject "BoxOffice" */ = {
			isa = XCConfigurationList;
			buildConfigurations = (
				1197B6D82320E45300A29537 /* Debug */,
				1197B6D92320E45300A29537 /* Release */,
			);
			defaultConfigurationIsVisible = 0;
			defaultConfigurationName = Release;
		};
		1197B6DA2320E45300A29537 /* Build configuration list for PBXNativeTarget "BoxOffice" */ = {
			isa = XCConfigurationList;
			buildConfigurations = (
				1197B6DB2320E45300A29537 /* Debug */,
				1197B6DC2320E45300A29537 /* Release */,
			);
			defaultConfigurationIsVisible = 0;
			defaultConfigurationName = Release;
		};
/* End XCConfigurationList section */
	};
	rootObject = 1197B6C02320E44F00A29537 /* Project object */;
}
